
Microsoft Visual Studio Solution File, Format Version 12.00
# Visual Studio Version 16
VisualStudioVersion = 16.0.31005.135
MinimumVisualStudioVersion = 10.0.40219.1
Project("{FAE04EC0-301F-11D3-BF4B-00C04F79EFBC}") = "HundredsMonogame", "HundredsMonogame\HundredsMonogame.csproj", "{692434D8-00FE-40D8-AA5E-CA266AAC1856}"
EndProject
Global
	GlobalSection(SolutionConfigurationPlatforms) = preSolution
		Debug|Any CPU = Debug|Any CPU
		Release|Any CPU = Release|Any CPU
	EndGlobalSection
	GlobalSection(ProjectConfigurationPlatforms) = postSolution
		{692434D8-00FE-40D8-AA5E-CA266AAC1856}.Debug|Any CPU.ActiveCfg = Debug|Any CPU
		{692434D8-00FE-40D8-AA5E-CA266AAC1856}.Debug|Any CPU.Build.0 = Debug|Any CPU
		{692434D8-00FE-40D8-AA5E-CA266AAC1856}.Release|Any CPU.ActiveCfg = Release|Any CPU
		{692434D8-00FE-40D8-AA5E-CA266AAC1856}.Release|Any CPU.Build.0 = Release|Any CPU
	EndGlobalSection
	GlobalSection(SolutionProperties) = preSolution
		HideSolutionNode = FALSE
	EndGlobalSection
	GlobalSection(ExtensibilityGlobals) = postSolution
		SolutionGuid = {61FD964D-EBD1-4B92-8B81-733388B10A95}
	EndGlobalSection
EndGlobal
